
Microsoft Visual Studio Solution File, Format Version 12.00
# Visual Studio Version 17
VisualStudioVersion = 17.0.31903.59
MinimumVisualStudioVersion = 10.0.40219.1
Project("{2150E333-8FDC-42A3-9474-1A3956D46DE8}") = "src", "src", "{827E0CD3-B72D-47B6-A68D-7590B98EB39B}"
EndProject
Project("{FAE04EC0-301F-11D3-BF4B-00C04F79EFBC}") = "CMS.API", "src\CMS.API\CMS.API.csproj", "{CCC28BAE-4B78-4ADA-8D4B-1132C93899BA}"
EndProject
Project("{FAE04EC0-301F-11D3-BF4B-00C04F79EFBC}") = "CMS.Application", "src\CMS.Application\CMS.Application.csproj", "{DF47A6D7-148F-44C0-9090-F88D8D869E3E}"
EndProject
Project("{FAE04EC0-301F-11D3-BF4B-00C04F79EFBC}") = "CMS.Domain", "src\CMS.Domain\CMS.Domain.csproj", "{0ECB99B0-C5AC-402F-ABBE-82B06C3D72F8}"
EndProject
Project("{FAE04EC0-301F-11D3-BF4B-00C04F79EFBC}") = "CMS.Infrastructure", "src\CMS.Infrastructure\CMS.Infrastructure.csproj", "{A0E8F6FA-B422-4D5A-91E9-C61DDABD3EA0}"
EndProject
Project("{FAE04EC0-301F-11D3-BF4B-00C04F79EFBC}") = "CMS.Shared", "src\CMS.Shared\CMS.Shared.csproj", "{681E9334-FC1F-4C70-A698-231BAD24D04E}"
EndProject
Project("{FAE04EC0-301F-11D3-BF4B-00C04F79EFBC}") = "CMS.ServiceManager", "src\CMS.ServiceManager\CMS.ServiceManager.csproj", "{7BDBD41D-BCD5-4F60-AFA3-2604A2881BE6}"
EndProject
Project("{2150E333-8FDC-42A3-9474-1A3956D46DE8}") = "tests", "tests", "{0AB3BF05-4346-4AA6-1389-037BE0695223}"
EndProject
Project("{FAE04EC0-301F-11D3-BF4B-00C04F79EFBC}") = "CMS.UnitTests", "tests\CMS.UnitTests\CMS.UnitTests.csproj", "{9F9985B3-0793-42DE-BBA3-34A076BFA39F}"
EndProject
Project("{FAE04EC0-301F-11D3-BF4B-00C04F79EFBC}") = "CMS.IntegrationTests", "tests\CMS.IntegrationTests\CMS.IntegrationTests.csproj", "{ABA8C046-D949-47D3-AAB6-B4D317EDF1E0}"
EndProject
Project("{FAE04EC0-301F-11D3-BF4B-00C04F79EFBC}") = "CMS.E2ETests", "tests\CMS.E2ETests\CMS.E2ETests.csproj", "{D8F049B2-ADB5-4643-8C7D-3C8FB9098AC2}"
EndProject
Global
	GlobalSection(SolutionConfigurationPlatforms) = preSolution
		Debug|Any CPU = Debug|Any CPU
		Debug|x64 = Debug|x64
		Debug|x86 = Debug|x86
		Release|Any CPU = Release|Any CPU
		Release|x64 = Release|x64
		Release|x86 = Release|x86
	EndGlobalSection
	GlobalSection(ProjectConfigurationPlatforms) = postSolution
		{CCC28BAE-4B78-4ADA-8D4B-1132C93899BA}.Debug|Any CPU.ActiveCfg = Debug|Any CPU
		{CCC28BAE-4B78-4ADA-8D4B-1132C93899BA}.Debug|Any CPU.Build.0 = Debug|Any CPU
		{CCC28BAE-4B78-4ADA-8D4B-1132C93899BA}.Debug|x64.ActiveCfg = Debug|Any CPU
		{CCC28BAE-4B78-4ADA-8D4B-1132C93899BA}.Debug|x64.Build.0 = Debug|Any CPU
		{CCC28BAE-4B78-4ADA-8D4B-1132C93899BA}.Debug|x86.ActiveCfg = Debug|Any CPU
		{CCC28BAE-4B78-4ADA-8D4B-1132C93899BA}.Debug|x86.Build.0 = Debug|Any CPU
		{CCC28BAE-4B78-4ADA-8D4B-1132C93899BA}.Release|Any CPU.ActiveCfg = Release|Any CPU
		{CCC28BAE-4B78-4ADA-8D4B-1132C93899BA}.Release|Any CPU.Build.0 = Release|Any CPU
		{CCC28BAE-4B78-4ADA-8D4B-1132C93899BA}.Release|x64.ActiveCfg = Release|Any CPU
		{CCC28BAE-4B78-4ADA-8D4B-1132C93899BA}.Release|x64.Build.0 = Release|Any CPU
		{CCC28BAE-4B78-4ADA-8D4B-1132C93899BA}.Release|x86.ActiveCfg = Release|Any CPU
		{CCC28BAE-4B78-4ADA-8D4B-1132C93899BA}.Release|x86.Build.0 = Release|Any CPU
		{DF47A6D7-148F-44C0-9090-F88D8D869E3E}.Debug|Any CPU.ActiveCfg = Debug|Any CPU
		{DF47A6D7-148F-44C0-9090-F88D8D869E3E}.Debug|Any CPU.Build.0 = Debug|Any CPU
		{DF47A6D7-148F-44C0-9090-F88D8D869E3E}.Debug|x64.ActiveCfg = Debug|Any CPU
		{DF47A6D7-148F-44C0-9090-F88D8D869E3E}.Debug|x64.Build.0 = Debug|Any CPU
		{DF47A6D7-148F-44C0-9090-F88D8D869E3E}.Debug|x86.ActiveCfg = Debug|Any CPU
		{DF47A6D7-148F-44C0-9090-F88D8D869E3E}.Debug|x86.Build.0 = Debug|Any CPU
		{DF47A6D7-148F-44C0-9090-F88D8D869E3E}.Release|Any CPU.ActiveCfg = Release|Any CPU
		{DF47A6D7-148F-44C0-9090-F88D8D869E3E}.Release|Any CPU.Build.0 = Release|Any CPU
		{DF47A6D7-148F-44C0-9090-F88D8D869E3E}.Release|x64.ActiveCfg = Release|Any CPU
		{DF47A6D7-148F-44C0-9090-F88D8D869E3E}.Release|x64.Build.0 = Release|Any CPU
		{DF47A6D7-148F-44C0-9090-F88D8D869E3E}.Release|x86.ActiveCfg = Release|Any CPU
		{DF47A6D7-148F-44C0-9090-F88D8D869E3E}.Release|x86.Build.0 = Release|Any CPU
		{0ECB99B0-C5AC-402F-ABBE-82B06C3D72F8}.Debug|Any CPU.ActiveCfg = Debug|Any CPU
		{0ECB99B0-C5AC-402F-ABBE-82B06C3D72F8}.Debug|Any CPU.Build.0 = Debug|Any CPU
		{0ECB99B0-C5AC-402F-ABBE-82B06C3D72F8}.Debug|x64.ActiveCfg = Debug|Any CPU
		{0ECB99B0-C5AC-402F-ABBE-82B06C3D72F8}.Debug|x64.Build.0 = Debug|Any CPU
		{0ECB99B0-C5AC-402F-ABBE-82B06C3D72F8}.Debug|x86.ActiveCfg = Debug|Any CPU
		{0ECB99B0-C5AC-402F-ABBE-82B06C3D72F8}.Debug|x86.Build.0 = Debug|Any CPU
		{0ECB99B0-C5AC-402F-ABBE-82B06C3D72F8}.Release|Any CPU.ActiveCfg = Release|Any CPU
		{0ECB99B0-C5AC-402F-ABBE-82B06C3D72F8}.Release|Any CPU.Build.0 = Release|Any CPU
		{0ECB99B0-C5AC-402F-ABBE-82B06C3D72F8}.Release|x64.ActiveCfg = Release|Any CPU
		{0ECB99B0-C5AC-402F-ABBE-82B06C3D72F8}.Release|x64.Build.0 = Release|Any CPU
		{0ECB99B0-C5AC-402F-ABBE-82B06C3D72F8}.Release|x86.ActiveCfg = Release|Any CPU
		{0ECB99B0-C5AC-402F-ABBE-82B06C3D72F8}.Release|x86.Build.0 = Release|Any CPU
		{A0E8F6FA-B422-4D5A-91E9-C61DDABD3EA0}.Debug|Any CPU.ActiveCfg = Debug|Any CPU
		{A0E8F6FA-B422-4D5A-91E9-C61DDABD3EA0}.Debug|Any CPU.Build.0 = Debug|Any CPU
		{A0E8F6FA-B422-4D5A-91E9-C61DDABD3EA0}.Debug|x64.ActiveCfg = Debug|Any CPU
		{A0E8F6FA-B422-4D5A-91E9-C61DDABD3EA0}.Debug|x64.Build.0 = Debug|Any CPU
		{A0E8F6FA-B422-4D5A-91E9-C61DDABD3EA0}.Debug|x86.ActiveCfg = Debug|Any CPU
		{A0E8F6FA-B422-4D5A-91E9-C61DDABD3EA0}.Debug|x86.Build.0 = Debug|Any CPU
		{A0E8F6FA-B422-4D5A-91E9-C61DDABD3EA0}.Release|Any CPU.ActiveCfg = Release|Any CPU
		{A0E8F6FA-B422-4D5A-91E9-C61DDABD3EA0}.Release|Any CPU.Build.0 = Release|Any CPU
		{A0E8F6FA-B422-4D5A-91E9-C61DDABD3EA0}.Release|x64.ActiveCfg = Release|Any CPU
		{A0E8F6FA-B422-4D5A-91E9-C61DDABD3EA0}.Release|x64.Build.0 = Release|Any CPU
		{A0E8F6FA-B422-4D5A-91E9-C61DDABD3EA0}.Release|x86.ActiveCfg = Release|Any CPU
		{A0E8F6FA-B422-4D5A-91E9-C61DDABD3EA0}.Release|x86.Build.0 = Release|Any CPU
		{681E9334-FC1F-4C70-A698-231BAD24D04E}.Debug|Any CPU.ActiveCfg = Debug|Any CPU
		{681E9334-FC1F-4C70-A698-231BAD24D04E}.Debug|Any CPU.Build.0 = Debug|Any CPU
		{681E9334-FC1F-4C70-A698-231BAD24D04E}.Debug|x64.ActiveCfg = Debug|Any CPU
		{681E9334-FC1F-4C70-A698-231BAD24D04E}.Debug|x64.Build.0 = Debug|Any CPU
		{681E9334-FC1F-4C70-A698-231BAD24D04E}.Debug|x86.ActiveCfg = Debug|Any CPU
		{681E9334-FC1F-4C70-A698-231BAD24D04E}.Debug|x86.Build.0 = Debug|Any CPU
		{681E9334-FC1F-4C70-A698-231BAD24D04E}.Release|Any CPU.ActiveCfg = Release|Any CPU
		{681E9334-FC1F-4C70-A698-231BAD24D04E}.Release|Any CPU.Build.0 = Release|Any CPU
		{681E9334-FC1F-4C70-A698-231BAD24D04E}.Release|x64.ActiveCfg = Release|Any CPU
		{681E9334-FC1F-4C70-A698-231BAD24D04E}.Release|x64.Build.0 = Release|Any CPU
		{681E9334-FC1F-4C70-A698-231BAD24D04E}.Release|x86.ActiveCfg = Release|Any CPU
		{681E9334-FC1F-4C70-A698-231BAD24D04E}.Release|x86.Build.0 = Release|Any CPU
		{7BDBD41D-BCD5-4F60-AFA3-2604A2881BE6}.Debug|Any CPU.ActiveCfg = Debug|Any CPU
		{7BDBD41D-BCD5-4F60-AFA3-2604A2881BE6}.Debug|Any CPU.Build.0 = Debug|Any CPU
		{7BDBD41D-BCD5-4F60-AFA3-2604A2881BE6}.Debug|x64.ActiveCfg = Debug|Any CPU
		{7BDBD41D-BCD5-4F60-AFA3-2604A2881BE6}.Debug|x64.Build.0 = Debug|Any CPU
		{7BDBD41D-BCD5-4F60-AFA3-2604A2881BE6}.Debug|x86.ActiveCfg = Debug|Any CPU
		{7BDBD41D-BCD5-4F60-AFA3-2604A2881BE6}.Debug|x86.Build.0 = Debug|Any CPU
		{7BDBD41D-BCD5-4F60-AFA3-2604A2881BE6}.Release|Any CPU.ActiveCfg = Release|Any CPU
		{7BDBD41D-BCD5-4F60-AFA3-2604A2881BE6}.Release|Any CPU.Build.0 = Release|Any CPU
		{7BDBD41D-BCD5-4F60-AFA3-2604A2881BE6}.Release|x64.ActiveCfg = Release|Any CPU
		{7BDBD41D-BCD5-4F60-AFA3-2604A2881BE6}.Release|x64.Build.0 = Release|Any CPU
		{7BDBD41D-BCD5-4F60-AFA3-2604A2881BE6}.Release|x86.ActiveCfg = Release|Any CPU
		{7BDBD41D-BCD5-4F60-AFA3-2604A2881BE6}.Release|x86.Build.0 = Release|Any CPU
		{9F9985B3-0793-42DE-BBA3-34A076BFA39F}.Debug|Any CPU.ActiveCfg = Debug|Any CPU
		{9F9985B3-0793-42DE-BBA3-34A076BFA39F}.Debug|Any CPU.Build.0 = Debug|Any CPU
		{9F9985B3-0793-42DE-BBA3-34A076BFA39F}.Debug|x64.ActiveCfg = Debug|Any CPU
		{9F9985B3-0793-42DE-BBA3-34A076BFA39F}.Debug|x64.Build.0 = Debug|Any CPU
		{9F9985B3-0793-42DE-BBA3-34A076BFA39F}.Debug|x86.ActiveCfg = Debug|Any CPU
		{9F9985B3-0793-42DE-BBA3-34A076BFA39F}.Debug|x86.Build.0 = Debug|Any CPU
		{9F9985B3-0793-42DE-BBA3-34A076BFA39F}.Release|Any CPU.ActiveCfg = Release|Any CPU
		{9F9985B3-0793-42DE-BBA3-34A076BFA39F}.Release|Any CPU.Build.0 = Release|Any CPU
		{9F9985B3-0793-42DE-BBA3-34A076BFA39F}.Release|x64.ActiveCfg = Release|Any CPU
		{9F9985B3-0793-42DE-BBA3-34A076BFA39F}.Release|x64.Build.0 = Release|Any CPU
		{9F9985B3-0793-42DE-BBA3-34A076BFA39F}.Release|x86.ActiveCfg = Release|Any CPU
		{9F9985B3-0793-42DE-BBA3-34A076BFA39F}.Release|x86.Build.0 = Release|Any CPU
		{ABA8C046-D949-47D3-AAB6-B4D317EDF1E0}.Debug|Any CPU.ActiveCfg = Debug|Any CPU
		{ABA8C046-D949-47D3-AAB6-B4D317EDF1E0}.Debug|Any CPU.Build.0 = Debug|Any CPU
		{ABA8C046-D949-47D3-AAB6-B4D317EDF1E0}.Debug|x64.ActiveCfg = Debug|Any CPU
		{ABA8C046-D949-47D3-AAB6-B4D317EDF1E0}.Debug|x64.Build.0 = Debug|Any CPU
		{ABA8C046-D949-47D3-AAB6-B4D317EDF1E0}.Debug|x86.ActiveCfg = Debug|Any CPU
		{ABA8C046-D949-47D3-AAB6-B4D317EDF1E0}.Debug|x86.Build.0 = Debug|Any CPU
		{ABA8C046-D949-47D3-AAB6-B4D317EDF1E0}.Release|Any CPU.ActiveCfg = Release|Any CPU
		{ABA8C046-D949-47D3-AAB6-B4D317EDF1E0}.Release|Any CPU.Build.0 = Release|Any CPU
		{ABA8C046-D949-47D3-AAB6-B4D317EDF1E0}.Release|x64.ActiveCfg = Release|Any CPU
		{ABA8C046-D949-47D3-AAB6-B4D317EDF1E0}.Release|x64.Build.0 = Release|Any CPU
		{ABA8C046-D949-47D3-AAB6-B4D317EDF1E0}.Release|x86.ActiveCfg = Release|Any CPU
		{ABA8C046-D949-47D3-AAB6-B4D317EDF1E0}.Release|x86.Build.0 = Release|Any CPU
		{D8F049B2-ADB5-4643-8C7D-3C8FB9098AC2}.Debug|Any CPU.ActiveCfg = Debug|Any CPU
		{D8F049B2-ADB5-4643-8C7D-3C8FB9098AC2}.Debug|Any CPU.Build.0 = Debug|Any CPU
		{D8F049B2-ADB5-4643-8C7D-3C8FB9098AC2}.Debug|x64.ActiveCfg = Debug|Any CPU
		{D8F049B2-ADB5-4643-8C7D-3C8FB9098AC2}.Debug|x64.Build.0 = Debug|Any CPU
		{D8F049B2-ADB5-4643-8C7D-3C8FB9098AC2}.Debug|x86.ActiveCfg = Debug|Any CPU
		{D8F049B2-ADB5-4643-8C7D-3C8FB9098AC2}.Debug|x86.Build.0 = Debug|Any CPU
		{D8F049B2-ADB5-4643-8C7D-3C8FB9098AC2}.Release|Any CPU.ActiveCfg = Release|Any CPU
		{D8F049B2-ADB5-4643-8C7D-3C8FB9098AC2}.Release|Any CPU.Build.0 = Release|Any CPU
		{D8F049B2-ADB5-4643-8C7D-3C8FB9098AC2}.Release|x64.ActiveCfg = Release|Any CPU
		{D8F049B2-ADB5-4643-8C7D-3C8FB9098AC2}.Release|x64.Build.0 = Release|Any CPU
		{D8F049B2-ADB5-4643-8C7D-3C8FB9098AC2}.Release|x86.ActiveCfg = Release|Any CPU
		{D8F049B2-ADB5-4643-8C7D-3C8FB9098AC2}.Release|x86.Build.0 = Release|Any CPU
	EndGlobalSection
	GlobalSection(SolutionProperties) = preSolution
		HideSolutionNode = FALSE
	EndGlobalSection
	GlobalSection(NestedProjects) = preSolution
		{CCC28BAE-4B78-4ADA-8D4B-1132C93899BA} = {827E0CD3-B72D-47B6-A68D-7590B98EB39B}
		{DF47A6D7-148F-44C0-9090-F88D8D869E3E} = {827E0CD3-B72D-47B6-A68D-7590B98EB39B}
		{0ECB99B0-C5AC-402F-ABBE-82B06C3D72F8} = {827E0CD3-B72D-47B6-A68D-7590B98EB39B}
		{A0E8F6FA-B422-4D5A-91E9-C61DDABD3EA0} = {827E0CD3-B72D-47B6-A68D-7590B98EB39B}
		{681E9334-FC1F-4C70-A698-231BAD24D04E} = {827E0CD3-B72D-47B6-A68D-7590B98EB39B}
		{7BDBD41D-BCD5-4F60-AFA3-2604A2881BE6} = {827E0CD3-B72D-47B6-A68D-7590B98EB39B}
		{9F9985B3-0793-42DE-BBA3-34A076BFA39F} = {0AB3BF05-4346-4AA6-1389-037BE0695223}
		{ABA8C046-D949-47D3-AAB6-B4D317EDF1E0} = {0AB3BF05-4346-4AA6-1389-037BE0695223}
		{D8F049B2-ADB5-4643-8C7D-3C8FB9098AC2} = {0AB3BF05-4346-4AA6-1389-037BE0695223}
	EndGlobalSection
EndGlobal
